// !$*UTF8*$!
{
	archiveVersion = 1;
	classes = {
	};
	objectVersion = 77;
	objects = {

/* Begin PBXBuildFile section */
		140394C559D4724756E77E56 /* CaptureCapabilityTests.swift in Sources */ = {isa = PBXBuildFile; fileRef = EB7E5CBE32CBEA935283A24B /* CaptureCapabilityTests.swift */; };
		1937B18E9817A4519D2B8980 /* ProjectSelectionView.swift in Sources */ = {isa = PBXBuildFile; fileRef = 11AC0B167F4E34C517BA2C8E /* ProjectSelectionView.swift */; };
		21322C5A52791B0C51795028 /* RoomPlan.framework in Frameworks */ = {isa = PBXBuildFile; fileRef = BC63546001772B6B43829640 /* RoomPlan.framework */; };
		3C6788DFB0EAF683DFB01B8D /* AppConfiguration.swift in Sources */ = {isa = PBXBuildFile; fileRef = B8BE23A7D168FFAF26011979 /* AppConfiguration.swift */; };
		44779B26B053F97AD0CF81A7 /* CaptureFlowModel.swift in Sources */ = {isa = PBXBuildFile; fileRef = 6A59599EAEA6781787237269 /* CaptureFlowModel.swift */; };
		701C85FA5E5A8B9D27D00C5E /* AppConfigurationLoaderTests.swift in Sources */ = {isa = PBXBuildFile; fileRef = 52D8BDA7E9427BA30E827DC5 /* AppConfigurationLoaderTests.swift */; };
		7D2DB178833ED11F81389A50 /* ManualEvidenceView.swift in Sources */ = {isa = PBXBuildFile; fileRef = FFCD513E21B995439356829E /* ManualEvidenceView.swift */; };
		935A64E83FF421E70C5FE22B /* UnsupportedCaptureView.swift in Sources */ = {isa = PBXBuildFile; fileRef = CE8BDA07D8BB603A9F29469F /* UnsupportedCaptureView.swift */; };
		95CC6475C455531DB64E2BA8 /* CaptureEligibilityView.swift in Sources */ = {isa = PBXBuildFile; fileRef = 719E635CC6392666BDD7C133 /* CaptureEligibilityView.swift */; };
		B09CAE4757F6C861804F9EF3 /* CaptureFlowModelTests.swift in Sources */ = {isa = PBXBuildFile; fileRef = D406F16442FC65DFCC025B94 /* CaptureFlowModelTests.swift */; };
		B73DFA85458CB221C2A065E1 /* HomeDesignCaptureApp.swift in Sources */ = {isa = PBXBuildFile; fileRef = 172FFF65118DCA71C1E775E7 /* HomeDesignCaptureApp.swift */; };
		BA994BFC6AEE982A95BC2269 /* ProjectRepositoryTests.swift in Sources */ = {isa = PBXBuildFile; fileRef = 575256D77057FBCF01D5F50E /* ProjectRepositoryTests.swift */; };
		DD6A623F1958729D24C2975D /* CapturePreparationView.swift in Sources */ = {isa = PBXBuildFile; fileRef = C77825EBF2BAD6485E718255 /* CapturePreparationView.swift */; };
		E4F4D063A1F1ED83D1B98258 /* AppRootView.swift in Sources */ = {isa = PBXBuildFile; fileRef = 68BFDB7EF44F7B7B7956EC11 /* AppRootView.swift */; };
		E6EC91AE19D040DBB857DC46 /* CaptureProject.swift in Sources */ = {isa = PBXBuildFile; fileRef = 8D80846E5E08B2A25CAE6DC8 /* CaptureProject.swift */; };
		E98ACD942E6877AE91215850 /* CaptureCapability.swift in Sources */ = {isa = PBXBuildFile; fileRef = 12E0691E44DAAC8F5BBC5049 /* CaptureCapability.swift */; };
/* End PBXBuildFile section */

/* Begin PBXContainerItemProxy section */
		ADCE90EF3CBF3AB76EAED5BD /* PBXContainerItemProxy */ = {
			isa = PBXContainerItemProxy;
			containerPortal = 1312DB3DCB3F6550D5DC6610 /* Project object */;
			proxyType = 1;
			remoteGlobalIDString = 96CA0B15242BB8A6BB070B6B;
			remoteInfo = HomeDesignCapture;
		};
/* End PBXContainerItemProxy section */

/* Begin PBXFileReference section */
		0C7C417F96BFE83119FC4501 /* Debug.xcconfig */ = {isa = PBXFileReference; lastKnownFileType = text.xcconfig; path = Debug.xcconfig; sourceTree = "<group>"; };
		11AC0B167F4E34C517BA2C8E /* ProjectSelectionView.swift */ = {isa = PBXFileReference; lastKnownFileType = sourcecode.swift; path = ProjectSelectionView.swift; sourceTree = "<group>"; };
		12E0691E44DAAC8F5BBC5049 /* CaptureCapability.swift */ = {isa = PBXFileReference; lastKnownFileType = sourcecode.swift; path = CaptureCapability.swift; sourceTree = "<group>"; };
		172FFF65118DCA71C1E775E7 /* HomeDesignCaptureApp.swift */ = {isa = PBXFileReference; lastKnownFileType = sourcecode.swift; path = HomeDesignCaptureApp.swift; sourceTree = "<group>"; };
		48EB186AC67396E926C3F733 /* Release.xcconfig */ = {isa = PBXFileReference; lastKnownFileType = text.xcconfig; path = Release.xcconfig; sourceTree = "<group>"; };
		4F1C4F146776B077CBBFA588 /* HomeDesignCapture.app */ = {isa = PBXFileReference; includeInIndex = 0; lastKnownFileType = wrapper.application; path = HomeDesignCapture.app; sourceTree = BUILT_PRODUCTS_DIR; };
		52D8BDA7E9427BA30E827DC5 /* AppConfigurationLoaderTests.swift */ = {isa = PBXFileReference; lastKnownFileType = sourcecode.swift; path = AppConfigurationLoaderTests.swift; sourceTree = "<group>"; };
		575256D77057FBCF01D5F50E /* ProjectRepositoryTests.swift */ = {isa = PBXFileReference; lastKnownFileType = sourcecode.swift; path = ProjectRepositoryTests.swift; sourceTree = "<group>"; };
		68BFDB7EF44F7B7B7956EC11 /* AppRootView.swift */ = {isa = PBXFileReference; lastKnownFileType = sourcecode.swift; path = AppRootView.swift; sourceTree = "<group>"; };
		6A59599EAEA6781787237269 /* CaptureFlowModel.swift */ = {isa = PBXFileReference; lastKnownFileType = sourcecode.swift; path = CaptureFlowModel.swift; sourceTree = "<group>"; };
		719E635CC6392666BDD7C133 /* CaptureEligibilityView.swift */ = {isa = PBXFileReference; lastKnownFileType = sourcecode.swift; path = CaptureEligibilityView.swift; sourceTree = "<group>"; };
		8D80846E5E08B2A25CAE6DC8 /* CaptureProject.swift */ = {isa = PBXFileReference; lastKnownFileType = sourcecode.swift; path = CaptureProject.swift; sourceTree = "<group>"; };
		B8BE23A7D168FFAF26011979 /* AppConfiguration.swift */ = {isa = PBXFileReference; lastKnownFileType = sourcecode.swift; path = AppConfiguration.swift; sourceTree = "<group>"; };
		BC63546001772B6B43829640 /* RoomPlan.framework */ = {isa = PBXFileReference; lastKnownFileType = wrapper.framework; name = RoomPlan.framework; path = System/Library/Frameworks/RoomPlan.framework; sourceTree = SDKROOT; };
		C77825EBF2BAD6485E718255 /* CapturePreparationView.swift */ = {isa = PBXFileReference; lastKnownFileType = sourcecode.swift; path = CapturePreparationView.swift; sourceTree = "<group>"; };
		CE8BDA07D8BB603A9F29469F /* UnsupportedCaptureView.swift */ = {isa = PBXFileReference; lastKnownFileType = sourcecode.swift; path = UnsupportedCaptureView.swift; sourceTree = "<group>"; };
		D406F16442FC65DFCC025B94 /* CaptureFlowModelTests.swift */ = {isa = PBXFileReference; lastKnownFileType = sourcecode.swift; path = CaptureFlowModelTests.swift; sourceTree = "<group>"; };
		EB7E5CBE32CBEA935283A24B /* CaptureCapabilityTests.swift */ = {isa = PBXFileReference; lastKnownFileType = sourcecode.swift; path = CaptureCapabilityTests.swift; sourceTree = "<group>"; };
		EBB12C1C614BACC3644EBBDF /* HomeDesignCaptureTests.xctest */ = {isa = PBXFileReference; includeInIndex = 0; lastKnownFileType = wrapper.cfbundle; path = HomeDesignCaptureTests.xctest; sourceTree = BUILT_PRODUCTS_DIR; };
		FFCD513E21B995439356829E /* ManualEvidenceView.swift */ = {isa = PBXFileReference; lastKnownFileType = sourcecode.swift; path = ManualEvidenceView.swift; sourceTree = "<group>"; };
/* End PBXFileReference section */

/* Begin PBXFrameworksBuildPhase section */
		CFAE2824BF62604500474E2C /* Frameworks */ = {
			isa = PBXFrameworksBuildPhase;
			buildActionMask = 2147483647;
			files = (
				21322C5A52791B0C51795028 /* RoomPlan.framework in Frameworks */,
			);
			runOnlyForDeploymentPostprocessing = 0;
		};
/* End PBXFrameworksBuildPhase section */

/* Begin PBXGroup section */
		09B074659F34D63201964557 /* CaptureEligibility */ = {
			isa = PBXGroup;
			children = (
				719E635CC6392666BDD7C133 /* CaptureEligibilityView.swift */,
				C77825EBF2BAD6485E718255 /* CapturePreparationView.swift */,
				CE8BDA07D8BB603A9F29469F /* UnsupportedCaptureView.swift */,
			);
			path = CaptureEligibility;
			sourceTree = "<group>";
		};
		216940923DCADDD2B4E3A6F2 /* App */ = {
			isa = PBXGroup;
			children = (
				68BFDB7EF44F7B7B7956EC11 /* AppRootView.swift */,
				172FFF65118DCA71C1E775E7 /* HomeDesignCaptureApp.swift */,
			);
			path = App;
			sourceTree = "<group>";
		};
		297D04DE6983928FCBD07C68 /* Navigation */ = {
			isa = PBXGroup;
			children = (
				6A59599EAEA6781787237269 /* CaptureFlowModel.swift */,
			);
			path = Navigation;
			sourceTree = "<group>";
		};
		2D42209B58C3CE9C34260C53 /* C1 */ = {
			isa = PBXGroup;
			children = (
				575256D77057FBCF01D5F50E /* ProjectRepositoryTests.swift */,
			);
			path = C1;
			sourceTree = "<group>";
		};
		3AEE4307F6C074A804449AFD /* HomeDesignCapture */ = {
			isa = PBXGroup;
			children = (
				216940923DCADDD2B4E3A6F2 /* App */,
				D88E00BC4F6ED12AC47A941B /* Core */,
				C98CEB64F7E23F6690E8DE34 /* Features */,
				8092AACCFB015054F9B542F3 /* Platform */,
			);
			path = HomeDesignCapture;
			sourceTree = "<group>";
		};
		46D39148B1AAFA8F2CCB0BAC /* Configurations */ = {
			isa = PBXGroup;
			children = (
				0C7C417F96BFE83119FC4501 /* Debug.xcconfig */,
				48EB186AC67396E926C3F733 /* Release.xcconfig */,
			);
			path = Configurations;
			sourceTree = "<group>";
		};
		4EFF2CE2DE1F7BBC06912644 /* Projects */ = {
			isa = PBXGroup;
			children = (
				11AC0B167F4E34C517BA2C8E /* ProjectSelectionView.swift */,
			);
			path = Projects;
			sourceTree = "<group>";
		};
		8092AACCFB015054F9B542F3 /* Platform */ = {
			isa = PBXGroup;
			children = (
				A742D48DFB320D495E321DA8 /* AR */,
			);
			path = Platform;
			sourceTree = "<group>";
		};
		97C93C92619CB4ADF8A6C554 /* Products */ = {
			isa = PBXGroup;
			children = (
				4F1C4F146776B077CBBFA588 /* HomeDesignCapture.app */,
				EBB12C1C614BACC3644EBBDF /* HomeDesignCaptureTests.xctest */,
			);
			name = Products;
			sourceTree = "<group>";
		};
		9D25EF90C6A0232C528606FF = {
			isa = PBXGroup;
			children = (
				46D39148B1AAFA8F2CCB0BAC /* Configurations */,
				3AEE4307F6C074A804449AFD /* HomeDesignCapture */,
				B4CD5AB503A04870C474EBDA /* HomeDesignCaptureTests */,
				F8B5B205FF1ABDD92FA9C6D6 /* Frameworks */,
				97C93C92619CB4ADF8A6C554 /* Products */,
			);
			indentWidth = 2;
			sourceTree = "<group>";
			tabWidth = 2;
		};
		A742D48DFB320D495E321DA8 /* AR */ = {
			isa = PBXGroup;
			children = (
				12E0691E44DAAC8F5BBC5049 /* CaptureCapability.swift */,
			);
			path = AR;
			sourceTree = "<group>";
		};
		B4CD5AB503A04870C474EBDA /* HomeDesignCaptureTests */ = {
			isa = PBXGroup;
			children = (
				2D42209B58C3CE9C34260C53 /* C1 */,
				52D8BDA7E9427BA30E827DC5 /* AppConfigurationLoaderTests.swift */,
				EB7E5CBE32CBEA935283A24B /* CaptureCapabilityTests.swift */,
				D406F16442FC65DFCC025B94 /* CaptureFlowModelTests.swift */,
			);
			path = HomeDesignCaptureTests;
			sourceTree = "<group>";
		};
		BB3077E03A74853DDD8D7A0B /* Models */ = {
			isa = PBXGroup;
			children = (
				8D80846E5E08B2A25CAE6DC8 /* CaptureProject.swift */,
			);
			path = Models;
			sourceTree = "<group>";
		};
		C98CEB64F7E23F6690E8DE34 /* Features */ = {
			isa = PBXGroup;
			children = (
				09B074659F34D63201964557 /* CaptureEligibility */,
				EC59D210FDEEE0C3C53466C3 /* ManualEvidence */,
				4EFF2CE2DE1F7BBC06912644 /* Projects */,
			);
			path = Features;
			sourceTree = "<group>";
		};
		D88E00BC4F6ED12AC47A941B /* Core */ = {
			isa = PBXGroup;
			children = (
				DF9ABA439C3A6C9E6B7E79F0 /* Configuration */,
				BB3077E03A74853DDD8D7A0B /* Models */,
				297D04DE6983928FCBD07C68 /* Navigation */,
			);
			path = Core;
			sourceTree = "<group>";
		};
		DF9ABA439C3A6C9E6B7E79F0 /* Configuration */ = {
			isa = PBXGroup;
			children = (
				B8BE23A7D168FFAF26011979 /* AppConfiguration.swift */,
			);
			path = Configuration;
			sourceTree = "<group>";
		};
		EC59D210FDEEE0C3C53466C3 /* ManualEvidence */ = {
			isa = PBXGroup;
			children = (
				FFCD513E21B995439356829E /* ManualEvidenceView.swift */,
			);
			path = ManualEvidence;
			sourceTree = "<group>";
		};
		F8B5B205FF1ABDD92FA9C6D6 /* Frameworks */ = {
			isa = PBXGroup;
			children = (
				BC63546001772B6B43829640 /* RoomPlan.framework */,
			);
			name = Frameworks;
			sourceTree = "<group>";
		};
/* End PBXGroup section */

/* Begin PBXNativeTarget section */
		4108D1B987FCD9462729317E /* HomeDesignCaptureTests */ = {
			isa = PBXNativeTarget;
			buildConfigurationList = 3A1677F3AA44688463AAF845 /* Build configuration list for PBXNativeTarget "HomeDesignCaptureTests" */;
			buildPhases = (
				BC4EDFD85724F36AA92D6293 /* Sources */,
			);
			buildRules = (
			);
			dependencies = (
				D7D3869A5792882803EB1AD1 /* PBXTargetDependency */,
			);
			name = HomeDesignCaptureTests;
			packageProductDependencies = (
			);
			productName = HomeDesignCaptureTests;
			productReference = EBB12C1C614BACC3644EBBDF /* HomeDesignCaptureTests.xctest */;
			productType = "com.apple.product-type.bundle.unit-test";
		};
		96CA0B15242BB8A6BB070B6B /* HomeDesignCapture */ = {
			isa = PBXNativeTarget;
			buildConfigurationList = 7FAD7ACBD1919F8813A292E2 /* Build configuration list for PBXNativeTarget "HomeDesignCapture" */;
			buildPhases = (
				862932DEEA04E38588FE98F5 /* Sources */,
				CFAE2824BF62604500474E2C /* Frameworks */,
			);
			buildRules = (
			);
			dependencies = (
			);
			name = HomeDesignCapture;
			packageProductDependencies = (
			);
			productName = HomeDesignCapture;
			productReference = 4F1C4F146776B077CBBFA588 /* HomeDesignCapture.app */;
			productType = "com.apple.product-type.application";
		};
/* End PBXNativeTarget section */

/* Begin PBXProject section */
		1312DB3DCB3F6550D5DC6610 /* Project object */ = {
			isa = PBXProject;
			attributes = {
				BuildIndependentTargetsInParallel = YES;
				LastUpgradeCheck = 2640;
				TargetAttributes = {
					96CA0B15242BB8A6BB070B6B = {
						ProvisioningStyle = Automatic;
					};
				};
			};
			buildConfigurationList = E46E8FDCDFB3F5D24016D535 /* Build configuration list for PBXProject "HomeDesignCapture" */;
			developmentRegion = "en-GB";
			hasScannedForEncodings = 0;
			knownRegions = (
				Base,
				"en-GB",
			);
			mainGroup = 9D25EF90C6A0232C528606FF;
			minimizedProjectReferenceProxies = 1;
			preferredProjectObjectVersion = 77;
			productRefGroup = 97C93C92619CB4ADF8A6C554 /* Products */;
			projectDirPath = "";
			projectRoot = "";
			targets = (
				96CA0B15242BB8A6BB070B6B /* HomeDesignCapture */,
				4108D1B987FCD9462729317E /* HomeDesignCaptureTests */,
			);
		};
/* End PBXProject section */

/* Begin PBXSourcesBuildPhase section */
		862932DEEA04E38588FE98F5 /* Sources */ = {
			isa = PBXSourcesBuildPhase;
			buildActionMask = 2147483647;
			files = (
				3C6788DFB0EAF683DFB01B8D /* AppConfiguration.swift in Sources */,
				E4F4D063A1F1ED83D1B98258 /* AppRootView.swift in Sources */,
				E98ACD942E6877AE91215850 /* CaptureCapability.swift in Sources */,
				95CC6475C455531DB64E2BA8 /* CaptureEligibilityView.swift in Sources */,
				44779B26B053F97AD0CF81A7 /* CaptureFlowModel.swift in Sources */,
				DD6A623F1958729D24C2975D /* CapturePreparationView.swift in Sources */,
				E6EC91AE19D040DBB857DC46 /* CaptureProject.swift in Sources */,
				B73DFA85458CB221C2A065E1 /* HomeDesignCaptureApp.swift in Sources */,
				7D2DB178833ED11F81389A50 /* ManualEvidenceView.swift in Sources */,
				1937B18E9817A4519D2B8980 /* ProjectSelectionView.swift in Sources */,
				935A64E83FF421E70C5FE22B /* UnsupportedCaptureView.swift in Sources */,
			);
			runOnlyForDeploymentPostprocessing = 0;
		};
		BC4EDFD85724F36AA92D6293 /* Sources */ = {
			isa = PBXSourcesBuildPhase;
			buildActionMask = 2147483647;
			files = (
				701C85FA5E5A8B9D27D00C5E /* AppConfigurationLoaderTests.swift in Sources */,
				140394C559D4724756E77E56 /* CaptureCapabilityTests.swift in Sources */,
				B09CAE4757F6C861804F9EF3 /* CaptureFlowModelTests.swift in Sources */,
				BA994BFC6AEE982A95BC2269 /* ProjectRepositoryTests.swift in Sources */,
			);
			runOnlyForDeploymentPostprocessing = 0;
		};
/* End PBXSourcesBuildPhase section */

/* Begin PBXTargetDependency section */
		D7D3869A5792882803EB1AD1 /* PBXTargetDependency */ = {
			isa = PBXTargetDependency;
			target = 96CA0B15242BB8A6BB070B6B /* HomeDesignCapture */;
			targetProxy = ADCE90EF3CBF3AB76EAED5BD /* PBXContainerItemProxy */;
		};
/* End PBXTargetDependency section */

/* Begin XCBuildConfiguration section */
		1B0403FB26F113C11285E250 /* Debug */ = {
			isa = XCBuildConfiguration;
			buildSettings = {
				BUNDLE_LOADER = "$(TEST_HOST)";
				GENERATE_INFOPLIST_FILE = YES;
				LD_RUNPATH_SEARCH_PATHS = (
					"$(inherited)",
					"@executable_path/Frameworks",
					"@loader_path/Frameworks",
				);
				PRODUCT_BUNDLE_IDENTIFIER = com.homedesignstudio.capture.tests;
				SDKROOT = iphoneos;
				TARGETED_DEVICE_FAMILY = "1,2";
				TEST_HOST = "$(BUILT_PRODUCTS_DIR)/HomeDesignCapture.app/HomeDesignCapture";
			};
			name = Debug;
		};
		32012CBAEC19072EB62883D5 /* Release */ = {
			isa = XCBuildConfiguration;
			buildSettings = {
				ALWAYS_SEARCH_USER_PATHS = NO;
				CLANG_ANALYZER_LOCALIZABILITY_NONLOCALIZED = YES;
				CLANG_ANALYZER_NONNULL = YES;
				CLANG_ANALYZER_NUMBER_OBJECT_CONVERSION = YES_AGGRESSIVE;
				CLANG_CXX_LANGUAGE_STANDARD = "gnu++14";
				CLANG_CXX_LIBRARY = "libc++";
				CLANG_ENABLE_MODULES = YES;
				CLANG_ENABLE_OBJC_ARC = YES;
				CLANG_ENABLE_OBJC_WEAK = YES;
				CLANG_WARN_BLOCK_CAPTURE_AUTORELEASING = YES;
				CLANG_WARN_BOOL_CONVERSION = YES;
				CLANG_WARN_COMMA = YES;
				CLANG_WARN_CONSTANT_CONVERSION = YES;
				CLANG_WARN_DEPRECATED_OBJC_IMPLEMENTATIONS = YES;
				CLANG_WARN_DIRECT_OBJC_ISA_USAGE = YES_ERROR;
				CLANG_WARN_DOCUMENTATION_COMMENTS = YES;
				CLANG_WARN_EMPTY_BODY = YES;
				CLANG_WARN_ENUM_CONVERSION = YES;
				CLANG_WARN_INFINITE_RECURSION = YES;
				CLANG_WARN_INT_CONVERSION = YES;
				CLANG_WARN_NON_LITERAL_NULL_CONVERSION = YES;
				CLANG_WARN_OBJC_IMPLICIT_RETAIN_SELF = YES;
				CLANG_WARN_OBJC_LITERAL_CONVERSION = YES;
				CLANG_WARN_OBJC_ROOT_CLASS = YES_ERROR;
				CLANG_WARN_QUOTED_INCLUDE_IN_FRAMEWORK_HEADER = YES;
				CLANG_WARN_RANGE_LOOP_ANALYSIS = YES;
				CLANG_WARN_STRICT_PROTOTYPES = YES;
				CLANG_WARN_SUSPICIOUS_MOVE = YES;
				CLANG_WARN_UNGUARDED_AVAILABILITY = YES_AGGRESSIVE;
				CLANG_WARN_UNREACHABLE_CODE = YES;
				CLANG_WARN__DUPLICATE_METHOD_MATCH = YES;
				COPY_PHASE_STRIP = NO;
				DEBUG_INFORMATION_FORMAT = "dwarf-with-dsym";
				ENABLE_NS_ASSERTIONS = NO;
				ENABLE_STRICT_OBJC_MSGSEND = YES;
				ENABLE_USER_SCRIPT_SANDBOXING = YES;
				GCC_C_LANGUAGE_STANDARD = gnu11;
				GCC_NO_COMMON_BLOCKS = YES;
				GCC_WARN_64_TO_32_BIT_CONVERSION = YES;
				GCC_WARN_ABOUT_RETURN_TYPE = YES_ERROR;
				GCC_WARN_UNDECLARED_SELECTOR = YES;
				GCC_WARN_UNINITIALIZED_AUTOS = YES_AGGRESSIVE;
				GCC_WARN_UNUSED_FUNCTION = YES;
				GCC_WARN_UNUSED_VARIABLE = YES;
				IPHONEOS_DEPLOYMENT_TARGET = 17.0;
				MTL_ENABLE_DEBUG_INFO = NO;
				MTL_FAST_MATH = YES;
				PRODUCT_NAME = "$(TARGET_NAME)";
				SDKROOT = iphoneos;
				SWIFT_COMPILATION_MODE = wholemodule;
				SWIFT_OPTIMIZATION_LEVEL = "-O";
				SWIFT_STRICT_CONCURRENCY = complete;
				SWIFT_VERSION = 6.0;
			};
			name = Release;
		};
		35624D42EBECCBB6743DE1D5 /* Debug */ = {
			isa = XCBuildConfiguration;
			buildSettings = {
				ALWAYS_SEARCH_USER_PATHS = NO;
				CLANG_ANALYZER_LOCALIZABILITY_NONLOCALIZED = YES;
				CLANG_ANALYZER_NONNULL = YES;
				CLANG_ANALYZER_NUMBER_OBJECT_CONVERSION = YES_AGGRESSIVE;
				CLANG_CXX_LANGUAGE_STANDARD = "gnu++14";
				CLANG_CXX_LIBRARY = "libc++";
				CLANG_ENABLE_MODULES = YES;
				CLANG_ENABLE_OBJC_ARC = YES;
				CLANG_ENABLE_OBJC_WEAK = YES;
				CLANG_WARN_BLOCK_CAPTURE_AUTORELEASING = YES;
				CLANG_WARN_BOOL_CONVERSION = YES;
				CLANG_WARN_COMMA = YES;
				CLANG_WARN_CONSTANT_CONVERSION = YES;
				CLANG_WARN_DEPRECATED_OBJC_IMPLEMENTATIONS = YES;
				CLANG_WARN_DIRECT_OBJC_ISA_USAGE = YES_ERROR;
				CLANG_WARN_DOCUMENTATION_COMMENTS = YES;
				CLANG_WARN_EMPTY_BODY = YES;
				CLANG_WARN_ENUM_CONVERSION = YES;
				CLANG_WARN_INFINITE_RECURSION = YES;
				CLANG_WARN_INT_CONVERSION = YES;
				CLANG_WARN_NON_LITERAL_NULL_CONVERSION = YES;
				CLANG_WARN_OBJC_IMPLICIT_RETAIN_SELF = YES;
				CLANG_WARN_OBJC_LITERAL_CONVERSION = YES;
				CLANG_WARN_OBJC_ROOT_CLASS = YES_ERROR;
				CLANG_WARN_QUOTED_INCLUDE_IN_FRAMEWORK_HEADER = YES;
				CLANG_WARN_RANGE_LOOP_ANALYSIS = YES;
				CLANG_WARN_STRICT_PROTOTYPES = YES;
				CLANG_WARN_SUSPICIOUS_MOVE = YES;
				CLANG_WARN_UNGUARDED_AVAILABILITY = YES_AGGRESSIVE;
				CLANG_WARN_UNREACHABLE_CODE = YES;
				CLANG_WARN__DUPLICATE_METHOD_MATCH = YES;
				COPY_PHASE_STRIP = NO;
				DEBUG_INFORMATION_FORMAT = dwarf;
				ENABLE_STRICT_OBJC_MSGSEND = YES;
				ENABLE_TESTABILITY = YES;
				ENABLE_USER_SCRIPT_SANDBOXING = YES;
				GCC_C_LANGUAGE_STANDARD = gnu11;
				GCC_DYNAMIC_NO_PIC = NO;
				GCC_NO_COMMON_BLOCKS = YES;
				GCC_OPTIMIZATION_LEVEL = 0;
				GCC_PREPROCESSOR_DEFINITIONS = (
					"$(inherited)",
					"DEBUG=1",
				);
				GCC_WARN_64_TO_32_BIT_CONVERSION = YES;
				GCC_WARN_ABOUT_RETURN_TYPE = YES_ERROR;
				GCC_WARN_UNDECLARED_SELECTOR = YES;
				GCC_WARN_UNINITIALIZED_AUTOS = YES_AGGRESSIVE;
				GCC_WARN_UNUSED_FUNCTION = YES;
				GCC_WARN_UNUSED_VARIABLE = YES;
				IPHONEOS_DEPLOYMENT_TARGET = 17.0;
				MTL_ENABLE_DEBUG_INFO = INCLUDE_SOURCE;
				MTL_FAST_MATH = YES;
				ONLY_ACTIVE_ARCH = YES;
				PRODUCT_NAME = "$(TARGET_NAME)";
				SDKROOT = iphoneos;
				SWIFT_ACTIVE_COMPILATION_CONDITIONS = DEBUG;
				SWIFT_OPTIMIZATION_LEVEL = "-Onone";
				SWIFT_STRICT_CONCURRENCY = complete;
				SWIFT_VERSION = 6.0;
			};
			name = Debug;
		};
		8F5A5589DAC01CF5C5C8D5BB /* Debug */ = {
			isa = XCBuildConfiguration;
			baseConfigurationReference = 0C7C417F96BFE83119FC4501 /* Debug.xcconfig */;
			buildSettings = {
				ASSETCATALOG_COMPILER_APPICON_NAME = AppIcon;
				CODE_SIGN_IDENTITY = "iPhone Developer";
				INFOPLIST_FILE = HomeDesignCapture/Resources/Info.plist;
				LD_RUNPATH_SEARCH_PATHS = (
					"$(inherited)",
					"@executable_path/Frameworks",
				);
				PRODUCT_BUNDLE_IDENTIFIER = com.homedesignstudio.capture;
				PRODUCT_NAME = HomeDesignCapture;
				SDKROOT = iphoneos;
			};
			name = Debug;
		};
		902A60C3390FD9A9EAA0D1FD /* Release */ = {
			isa = XCBuildConfiguration;
			baseConfigurationReference = 48EB186AC67396E926C3F733 /* Release.xcconfig */;
			buildSettings = {
				ASSETCATALOG_COMPILER_APPICON_NAME = AppIcon;
				CODE_SIGN_IDENTITY = "iPhone Developer";
				INFOPLIST_FILE = HomeDesignCapture/Resources/Info.plist;
				LD_RUNPATH_SEARCH_PATHS = (
					"$(inherited)",
					"@executable_path/Frameworks",
				);
				PRODUCT_BUNDLE_IDENTIFIER = com.homedesignstudio.capture;
				PRODUCT_NAME = HomeDesignCapture;
				SDKROOT = iphoneos;
			};
			name = Release;
		};
		DA0BEEE35ABFC0A3917D674E /* Release */ = {
			isa = XCBuildConfiguration;
			buildSettings = {
				BUNDLE_LOADER = "$(TEST_HOST)";
				GENERATE_INFOPLIST_FILE = YES;
				LD_RUNPATH_SEARCH_PATHS = (
					"$(inherited)",
					"@executable_path/Frameworks",
					"@loader_path/Frameworks",
				);
				PRODUCT_BUNDLE_IDENTIFIER = com.homedesignstudio.capture.tests;
				SDKROOT = iphoneos;
				TARGETED_DEVICE_FAMILY = "1,2";
				TEST_HOST = "$(BUILT_PRODUCTS_DIR)/HomeDesignCapture.app/HomeDesignCapture";
			};
			name = Release;
		};
/* End XCBuildConfiguration section */

/* Begin XCConfigurationList section */
		3A1677F3AA44688463AAF845 /* Build configuration list for PBXNativeTarget "HomeDesignCaptureTests" */ = {
			isa = XCConfigurationList;
			buildConfigurations = (
				1B0403FB26F113C11285E250 /* Debug */,
				DA0BEEE35ABFC0A3917D674E /* Release */,
			);
			defaultConfigurationIsVisible = 0;
			defaultConfigurationName = Debug;
		};
		7FAD7ACBD1919F8813A292E2 /* Build configuration list for PBXNativeTarget "HomeDesignCapture" */ = {
			isa = XCConfigurationList;
			buildConfigurations = (
				8F5A5589DAC01CF5C5C8D5BB /* Debug */,
				902A60C3390FD9A9EAA0D1FD /* Release */,
			);
			defaultConfigurationIsVisible = 0;
			defaultConfigurationName = Debug;
		};
		E46E8FDCDFB3F5D24016D535 /* Build configuration list for PBXProject "HomeDesignCapture" */ = {
			isa = XCConfigurationList;
			buildConfigurations = (
				35624D42EBECCBB6743DE1D5 /* Debug */,
				32012CBAEC19072EB62883D5 /* Release */,
			);
			defaultConfigurationIsVisible = 0;
			defaultConfigurationName = Debug;
		};
/* End XCConfigurationList section */
	};
	rootObject = 1312DB3DCB3F6550D5DC6610 /* Project object */;
}
